// !$*UTF8*$!
{
	archiveVersion = 1;
	classes = {
	};
	objectVersion = 50;
	objects = {

/* Begin PBXBuildFile section */
		666CA78C2443EF370091B759 /* AppDelegate.swift in Sources */ = {isa = PBXBuildFile; fileRef = 666CA78B2443EF370091B759 /* AppDelegate.swift */; };
		666CA78E2443EF370091B759 /* SceneDelegate.swift in Sources */ = {isa = PBXBuildFile; fileRef = 666CA78D2443EF370091B759 /* SceneDelegate.swift */; };
		666CA7902443EF370091B759 /* ViewController.swift in Sources */ = {isa = PBXBuildFile; fileRef = 666CA78F2443EF370091B759 /* ViewController.swift */; };
		666CA7932443EF370091B759 /* Main.storyboard in Resources */ = {isa = PBXBuildFile; fileRef = 666CA7912443EF370091B759 /* Main.storyboard */; };
		666CA7952443EF390091B759 /* Assets.xcassets in Resources */ = {isa = PBXBuildFile; fileRef = 666CA7942443EF390091B759 /* Assets.xcassets */; };
		666CA7982443EF390091B759 /* LaunchScreen.storyboard in Resources */ = {isa = PBXBuildFile; fileRef = 666CA7962443EF390091B759 /* LaunchScreen.storyboard */; };
		666CA7A02443FDDE0091B759 /* Reglas.swift in Sources */ = {isa = PBXBuildFile; fileRef = 666CA79F2443FDDE0091B759 /* Reglas.swift */; };
		666CA7A2244401800091B759 /* ReglasMayusculas.plist in Resources */ = {isa = PBXBuildFile; fileRef = 666CA7A1244401800091B759 /* ReglasMayusculas.plist */; };
		668FA6C32446A3C6000E3CD3 /* ReglasMinusculas.plist in Resources */ = {isa = PBXBuildFile; fileRef = 668FA6C22446A3C6000E3CD3 /* ReglasMinusculas.plist */; };
		66ADB77624440A5B006859B2 /* ViewControllerReglas.swift in Sources */ = {isa = PBXBuildFile; fileRef = 66ADB77524440A5B006859B2 /* ViewControllerReglas.swift */; };
		66ADB77824440BE1006859B2 /* TableViewControllerReglas.swift in Sources */ = {isa = PBXBuildFile; fileRef = 66ADB77724440BE1006859B2 /* TableViewControllerReglas.swift */; };
		66ADB77A2444113C006859B2 /* ViewControllerDetalleReglas.swift in Sources */ = {isa = PBXBuildFile; fileRef = 66ADB7792444113C006859B2 /* ViewControllerDetalleReglas.swift */; };
		66D9C38B24455D70000C6518 /* ViewControllerPractica.swift in Sources */ = {isa = PBXBuildFile; fileRef = 66D9C38A24455D70000C6518 /* ViewControllerPractica.swift */; };
		66D9C38D24455EB6000C6518 /* ViewControllerEjercicio1.swift in Sources */ = {isa = PBXBuildFile; fileRef = 66D9C38C24455EB6000C6518 /* ViewControllerEjercicio1.swift */; };
		672356282447DAE5007CD74A /* TableViewControllerReglasMinuscula.swift in Sources */ = {isa = PBXBuildFile; fileRef = 672356272447DAE5007CD74A /* TableViewControllerReglasMinuscula.swift */; };
		6723562A2447E14F007CD74A /* ViewControllerReglaMinuscula.swift in Sources */ = {isa = PBXBuildFile; fileRef = 672356292447E14F007CD74A /* ViewControllerReglaMinuscula.swift */; };
		6791E5772447EA290063B3E8 /* ViewControllerDetallesMinuscula.swift in Sources */ = {isa = PBXBuildFile; fileRef = 6791E5762447EA290063B3E8 /* ViewControllerDetallesMinuscula.swift */; };
		67CD469B244EA52F00F33054 /* ViewControllerResultados1.swift in Sources */ = {isa = PBXBuildFile; fileRef = 67CD469A244EA52F00F33054 /* ViewControllerResultados1.swift */; };
		67CD469D244EA95400F33054 /* ViewControllerEjercicio2.swift in Sources */ = {isa = PBXBuildFile; fileRef = 67CD469C244EA95400F33054 /* ViewControllerEjercicio2.swift */; };
		67CD469F244EA9EE00F33054 /* ViewControllerRespuestas2.swift in Sources */ = {isa = PBXBuildFile; fileRef = 67CD469E244EA9EE00F33054 /* ViewControllerRespuestas2.swift */; };
		67CD46A1244EAE8400F33054 /* ViewControllerEjercicio3.swift in Sources */ = {isa = PBXBuildFile; fileRef = 67CD46A0244EAE8400F33054 /* ViewControllerEjercicio3.swift */; };
		67CD46A3244EB00500F33054 /* ViewControllerRespuestas3.swift in Sources */ = {isa = PBXBuildFile; fileRef = 67CD46A2244EB00500F33054 /* ViewControllerRespuestas3.swift */; };
		67CD46A5244EB38C00F33054 /* ViewControllerEjercicio4.swift in Sources */ = {isa = PBXBuildFile; fileRef = 67CD46A4244EB38C00F33054 /* ViewControllerEjercicio4.swift */; };
		67CD46A7244EB67600F33054 /* ViewControllerResultados4.swift in Sources */ = {isa = PBXBuildFile; fileRef = 67CD46A6244EB67600F33054 /* ViewControllerResultados4.swift */; };
/* End PBXBuildFile section */

/* Begin PBXFileReference section */
		666CA7882443EF370091B759 /* appMayusculas.app */ = {isa = PBXFileReference; explicitFileType = wrapper.application; includeInIndex = 0; path = appMayusculas.app; sourceTree = BUILT_PRODUCTS_DIR; };
		666CA78B2443EF370091B759 /* AppDelegate.swift */ = {isa = PBXFileReference; lastKnownFileType = sourcecode.swift; path = AppDelegate.swift; sourceTree = "<group>"; };
		666CA78D2443EF370091B759 /* SceneDelegate.swift */ = {isa = PBXFileReference; lastKnownFileType = sourcecode.swift; path = SceneDelegate.swift; sourceTree = "<group>"; };
		666CA78F2443EF370091B759 /* ViewController.swift */ = {isa = PBXFileReference; lastKnownFileType = sourcecode.swift; path = ViewController.swift; sourceTree = "<group>"; };
		666CA7922443EF370091B759 /* Base */ = {isa = PBXFileReference; lastKnownFileType = file.storyboard; name = Base; path = Base.lproj/Main.storyboard; sourceTree = "<group>"; };
		666CA7942443EF390091B759 /* Assets.xcassets */ = {isa = PBXFileReference; lastKnownFileType = folder.assetcatalog; path = Assets.xcassets; sourceTree = "<group>"; };
		666CA7972443EF390091B759 /* Base */ = {isa = PBXFileReference; lastKnownFileType = file.storyboard; name = Base; path = Base.lproj/LaunchScreen.storyboard; sourceTree = "<group>"; };
		666CA7992443EF390091B759 /* Info.plist */ = {isa = PBXFileReference; lastKnownFileType = text.plist.xml; path = Info.plist; sourceTree = "<group>"; };
		666CA79F2443FDDE0091B759 /* Reglas.swift */ = {isa = PBXFileReference; lastKnownFileType = sourcecode.swift; path = Reglas.swift; sourceTree = "<group>"; };
		666CA7A1244401800091B759 /* ReglasMayusculas.plist */ = {isa = PBXFileReference; lastKnownFileType = text.plist.xml; path = ReglasMayusculas.plist; sourceTree = "<group>"; };
		668FA6C22446A3C6000E3CD3 /* ReglasMinusculas.plist */ = {isa = PBXFileReference; lastKnownFileType = text.plist.xml; path = ReglasMinusculas.plist; sourceTree = "<group>"; };
		66ADB77524440A5B006859B2 /* ViewControllerReglas.swift */ = {isa = PBXFileReference; lastKnownFileType = sourcecode.swift; path = ViewControllerReglas.swift; sourceTree = "<group>"; };
		66ADB77724440BE1006859B2 /* TableViewControllerReglas.swift */ = {isa = PBXFileReference; lastKnownFileType = sourcecode.swift; path = TableViewControllerReglas.swift; sourceTree = "<group>"; };
		66ADB7792444113C006859B2 /* ViewControllerDetalleReglas.swift */ = {isa = PBXFileReference; lastKnownFileType = sourcecode.swift; path = ViewControllerDetalleReglas.swift; sourceTree = "<group>"; };
		66D9C38A24455D70000C6518 /* ViewControllerPractica.swift */ = {isa = PBXFileReference; lastKnownFileType = sourcecode.swift; path = ViewControllerPractica.swift; sourceTree = "<group>"; };
		66D9C38C24455EB6000C6518 /* ViewControllerEjercicio1.swift */ = {isa = PBXFileReference; lastKnownFileType = sourcecode.swift; path = ViewControllerEjercicio1.swift; sourceTree = "<group>"; };
		672356272447DAE5007CD74A /* TableViewControllerReglasMinuscula.swift */ = {isa = PBXFileReference; lastKnownFileType = sourcecode.swift; path = TableViewControllerReglasMinuscula.swift; sourceTree = "<group>"; };
		672356292447E14F007CD74A /* ViewControllerReglaMinuscula.swift */ = {isa = PBXFileReference; lastKnownFileType = sourcecode.swift; path = ViewControllerReglaMinuscula.swift; sourceTree = "<group>"; };
		6791E5762447EA290063B3E8 /* ViewControllerDetallesMinuscula.swift */ = {isa = PBXFileReference; lastKnownFileType = sourcecode.swift; path = ViewControllerDetallesMinuscula.swift; sourceTree = "<group>"; };
		67CD469A244EA52F00F33054 /* ViewControllerResultados1.swift */ = {isa = PBXFileReference; lastKnownFileType = sourcecode.swift; path = ViewControllerResultados1.swift; sourceTree = "<group>"; };
		67CD469C244EA95400F33054 /* ViewControllerEjercicio2.swift */ = {isa = PBXFileReference; lastKnownFileType = sourcecode.swift; path = ViewControllerEjercicio2.swift; sourceTree = "<group>"; };
		67CD469E244EA9EE00F33054 /* ViewControllerRespuestas2.swift */ = {isa = PBXFileReference; lastKnownFileType = sourcecode.swift; path = ViewControllerRespuestas2.swift; sourceTree = "<group>"; };
		67CD46A0244EAE8400F33054 /* ViewControllerEjercicio3.swift */ = {isa = PBXFileReference; lastKnownFileType = sourcecode.swift; path = ViewControllerEjercicio3.swift; sourceTree = "<group>"; };
		67CD46A2244EB00500F33054 /* ViewControllerRespuestas3.swift */ = {isa = PBXFileReference; lastKnownFileType = sourcecode.swift; path = ViewControllerRespuestas3.swift; sourceTree = "<group>"; };
		67CD46A4244EB38C00F33054 /* ViewControllerEjercicio4.swift */ = {isa = PBXFileReference; lastKnownFileType = sourcecode.swift; path = ViewControllerEjercicio4.swift; sourceTree = "<group>"; };
		67CD46A6244EB67600F33054 /* ViewControllerResultados4.swift */ = {isa = PBXFileReference; lastKnownFileType = sourcecode.swift; path = ViewControllerResultados4.swift; sourceTree = "<group>"; };
/* End PBXFileReference section */

/* Begin PBXFrameworksBuildPhase section */
		666CA7852443EF370091B759 /* Frameworks */ = {
			isa = PBXFrameworksBuildPhase;
			buildActionMask = 2147483647;
			files = (
			);
			runOnlyForDeploymentPostprocessing = 0;
		};
/* End PBXFrameworksBuildPhase section */

/* Begin PBXGroup section */
		666CA77F2443EF370091B759 = {
			isa = PBXGroup;
			children = (
				666CA79F2443FDDE0091B759 /* Reglas.swift */,
				666CA7A1244401800091B759 /* ReglasMayusculas.plist */,
				668FA6C22446A3C6000E3CD3 /* ReglasMinusculas.plist */,
				666CA78A2443EF370091B759 /* appMayusculas */,
				666CA7892443EF370091B759 /* Products */,
			);
			sourceTree = "<group>";
		};
		666CA7892443EF370091B759 /* Products */ = {
			isa = PBXGroup;
			children = (
				666CA7882443EF370091B759 /* appMayusculas.app */,
			);
			name = Products;
			sourceTree = "<group>";
		};
		666CA78A2443EF370091B759 /* appMayusculas */ = {
			isa = PBXGroup;
			children = (
				672356292447E14F007CD74A /* ViewControllerReglaMinuscula.swift */,
				666CA78B2443EF370091B759 /* AppDelegate.swift */,
				666CA78D2443EF370091B759 /* SceneDelegate.swift */,
				666CA78F2443EF370091B759 /* ViewController.swift */,
				666CA7912443EF370091B759 /* Main.storyboard */,
				67CD46A4244EB38C00F33054 /* ViewControllerEjercicio4.swift */,
				67CD46A6244EB67600F33054 /* ViewControllerResultados4.swift */,
				6791E5762447EA290063B3E8 /* ViewControllerDetallesMinuscula.swift */,
				67CD469A244EA52F00F33054 /* ViewControllerResultados1.swift */,
				67CD469C244EA95400F33054 /* ViewControllerEjercicio2.swift */,
				67CD469E244EA9EE00F33054 /* ViewControllerRespuestas2.swift */,
				67CD46A0244EAE8400F33054 /* ViewControllerEjercicio3.swift */,
				67CD46A2244EB00500F33054 /* ViewControllerRespuestas3.swift */,
				672356272447DAE5007CD74A /* TableViewControllerReglasMinuscula.swift */,
				66D9C38C24455EB6000C6518 /* ViewControllerEjercicio1.swift */,
				66D9C38A24455D70000C6518 /* ViewControllerPractica.swift */,
				66ADB7792444113C006859B2 /* ViewControllerDetalleReglas.swift */,
				66ADB77724440BE1006859B2 /* TableViewControllerReglas.swift */,
				66ADB77524440A5B006859B2 /* ViewControllerReglas.swift */,
				666CA7942443EF390091B759 /* Assets.xcassets */,
				666CA7962443EF390091B759 /* LaunchScreen.storyboard */,
				666CA7992443EF390091B759 /* Info.plist */,
			);
			path = appMayusculas;
			sourceTree = "<group>";
		};
/* End PBXGroup section */

/* Begin PBXNativeTarget section */
		666CA7872443EF370091B759 /* appMayusculas */ = {
			isa = PBXNativeTarget;
			buildConfigurationList = 666CA79C2443EF390091B759 /* Build configuration list for PBXNativeTarget "appMayusculas" */;
			buildPhases = (
				666CA7842443EF370091B759 /* Sources */,
				666CA7852443EF370091B759 /* Frameworks */,
				666CA7862443EF370091B759 /* Resources */,
			);
			buildRules = (
			);
			dependencies = (
			);
			name = appMayusculas;
			productName = appMayusculas;
			productReference = 666CA7882443EF370091B759 /* appMayusculas.app */;
			productType = "com.apple.product-type.application";
		};
/* End PBXNativeTarget section */

/* Begin PBXProject section */
		666CA7802443EF370091B759 /* Project object */ = {
			isa = PBXProject;
			attributes = {
				LastSwiftUpdateCheck = 1130;
				LastUpgradeCheck = 1130;
				ORGANIZATIONNAME = Daniel;
				TargetAttributes = {
					666CA7872443EF370091B759 = {
						CreatedOnToolsVersion = 11.3.1;
					};
				};
			};
			buildConfigurationList = 666CA7832443EF370091B759 /* Build configuration list for PBXProject "appMayusculas" */;
			compatibilityVersion = "Xcode 9.3";
			developmentRegion = en;
			hasScannedForEncodings = 0;
			knownRegions = (
				en,
				Base,
			);
			mainGroup = 666CA77F2443EF370091B759;
			productRefGroup = 666CA7892443EF370091B759 /* Products */;
			projectDirPath = "";
			projectRoot = "";
			targets = (
				666CA7872443EF370091B759 /* appMayusculas */,
			);
		};
/* End PBXProject section */

/* Begin PBXResourcesBuildPhase section */
		666CA7862443EF370091B759 /* Resources */ = {
			isa = PBXResourcesBuildPhase;
			buildActionMask = 2147483647;
			files = (
				666CA7A2244401800091B759 /* ReglasMayusculas.plist in Resources */,
				666CA7982443EF390091B759 /* LaunchScreen.storyboard in Resources */,
				668FA6C32446A3C6000E3CD3 /* ReglasMinusculas.plist in Resources */,
				666CA7952443EF390091B759 /* Assets.xcassets in Resources */,
				666CA7932443EF370091B759 /* Main.storyboard in Resources */,
			);
			runOnlyForDeploymentPostprocessing = 0;
		};
/* End PBXResourcesBuildPhase section */

/* Begin PBXSourcesBuildPhase section */
		666CA7842443EF370091B759 /* Sources */ = {
			isa = PBXSourcesBuildPhase;
			buildActionMask = 2147483647;
			files = (
				66D9C38D24455EB6000C6518 /* ViewControllerEjercicio1.swift in Sources */,
				67CD46A5244EB38C00F33054 /* ViewControllerEjercicio4.swift in Sources */,
				672356282447DAE5007CD74A /* TableViewControllerReglasMinuscula.swift in Sources */,
				666CA7902443EF370091B759 /* ViewController.swift in Sources */,
				666CA7A02443FDDE0091B759 /* Reglas.swift in Sources */,
				67CD46A7244EB67600F33054 /* ViewControllerResultados4.swift in Sources */,
				666CA78C2443EF370091B759 /* AppDelegate.swift in Sources */,
				66ADB77824440BE1006859B2 /* TableViewControllerReglas.swift in Sources */,
				6723562A2447E14F007CD74A /* ViewControllerReglaMinuscula.swift in Sources */,
				666CA78E2443EF370091B759 /* SceneDelegate.swift in Sources */,
				67CD46A1244EAE8400F33054 /* ViewControllerEjercicio3.swift in Sources */,
				67CD469B244EA52F00F33054 /* ViewControllerResultados1.swift in Sources */,
				67CD46A3244EB00500F33054 /* ViewControllerRespuestas3.swift in Sources */,
				66D9C38B24455D70000C6518 /* ViewControllerPractica.swift in Sources */,
				66ADB77A2444113C006859B2 /* ViewControllerDetalleReglas.swift in Sources */,
				6791E5772447EA290063B3E8 /* ViewControllerDetallesMinuscula.swift in Sources */,
				67CD469F244EA9EE00F33054 /* ViewControllerRespuestas2.swift in Sources */,
				66ADB77624440A5B006859B2 /* ViewControllerReglas.swift in Sources */,
				67CD469D244EA95400F33054 /* ViewControllerEjercicio2.swift in Sources */,
			);
			runOnlyForDeploymentPostprocessing = 0;
		};
/* End PBXSourcesBuildPhase section */

/* Begin PBXVariantGroup section */
		666CA7912443EF370091B759 /* Main.storyboard */ = {
			isa = PBXVariantGroup;
			children = (
				666CA7922443EF370091B759 /* Base */,
			);
			name = Main.storyboard;
			sourceTree = "<group>";
		};
		666CA7962443EF390091B759 /* LaunchScreen.storyboard */ = {
			isa = PBXVariantGroup;
			children = (
				666CA7972443EF390091B759 /* Base */,
			);
			name = LaunchScreen.storyboard;
			sourceTree = "<group>";
		};
/* End PBXVariantGroup section */

/* Begin XCBuildConfiguration section */
		666CA79A2443EF390091B759 /* Debug */ = {
			isa = XCBuildConfiguration;
			buildSettings = {
				ALWAYS_SEARCH_USER_PATHS = NO;
				CLANG_ANALYZER_NONNULL = YES;
				CLANG_ANALYZER_NUMBER_OBJECT_CONVERSION = YES_AGGRESSIVE;
				CLANG_CXX_LANGUAGE_STANDARD = "gnu++14";
				CLANG_CXX_LIBRARY = "libc++";
				CLANG_ENABLE_MODULES = YES;
				CLANG_ENABLE_OBJC_ARC = YES;
				CLANG_ENABLE_OBJC_WEAK = YES;
				CLANG_WARN_BLOCK_CAPTURE_AUTORELEASING = YES;
				CLANG_WARN_BOOL_CONVERSION = YES;
				CLANG_WARN_COMMA = YES;
				CLANG_WARN_CONSTANT_CONVERSION = YES;
				CLANG_WARN_DEPRECATED_OBJC_IMPLEMENTATIONS = YES;
				CLANG_WARN_DIRECT_OBJC_ISA_USAGE = YES_ERROR;
				CLANG_WARN_DOCUMENTATION_COMMENTS = YES;
				CLANG_WARN_EMPTY_BODY = YES;
				CLANG_WARN_ENUM_CONVERSION = YES;
				CLANG_WARN_INFINITE_RECURSION = YES;
				CLANG_WARN_INT_CONVERSION = YES;
				CLANG_WARN_NON_LITERAL_NULL_CONVERSION = YES;
				CLANG_WARN_OBJC_IMPLICIT_RETAIN_SELF = YES;
				CLANG_WARN_OBJC_LITERAL_CONVERSION = YES;
				CLANG_WARN_OBJC_ROOT_CLASS = YES_ERROR;
				CLANG_WARN_RANGE_LOOP_ANALYSIS = YES;
				CLANG_WARN_STRICT_PROTOTYPES = YES;
				CLANG_WARN_SUSPICIOUS_MOVE = YES;
				CLANG_WARN_UNGUARDED_AVAILABILITY = YES_AGGRESSIVE;
				CLANG_WARN_UNREACHABLE_CODE = YES;
				CLANG_WARN__DUPLICATE_METHOD_MATCH = YES;
				COPY_PHASE_STRIP = NO;
				DEBUG_INFORMATION_FORMAT = dwarf;
				ENABLE_STRICT_OBJC_MSGSEND = YES;
				ENABLE_TESTABILITY = YES;
				GCC_C_LANGUAGE_STANDARD = gnu11;
				GCC_DYNAMIC_NO_PIC = NO;
				GCC_NO_COMMON_BLOCKS = YES;
				GCC_OPTIMIZATION_LEVEL = 0;
				GCC_PREPROCESSOR_DEFINITIONS = (
					"DEBUG=1",
					"$(inherited)",
				);
				GCC_WARN_64_TO_32_BIT_CONVERSION = YES;
				GCC_WARN_ABOUT_RETURN_TYPE = YES_ERROR;
				GCC_WARN_UNDECLARED_SELECTOR = YES;
				GCC_WARN_UNINITIALIZED_AUTOS = YES_AGGRESSIVE;
				GCC_WARN_UNUSED_FUNCTION = YES;
				GCC_WARN_UNUSED_VARIABLE = YES;
				IPHONEOS_DEPLOYMENT_TARGET = 13.2;
				MTL_ENABLE_DEBUG_INFO = INCLUDE_SOURCE;
				MTL_FAST_MATH = YES;
				ONLY_ACTIVE_ARCH = YES;
				SDKROOT = iphoneos;
				SWIFT_ACTIVE_COMPILATION_CONDITIONS = DEBUG;
				SWIFT_OPTIMIZATION_LEVEL = "-Onone";
			};
			name = Debug;
		};
		666CA79B2443EF390091B759 /* Release */ = {
			isa = XCBuildConfiguration;
			buildSettings = {
				ALWAYS_SEARCH_USER_PATHS = NO;
				CLANG_ANALYZER_NONNULL = YES;
				CLANG_ANALYZER_NUMBER_OBJECT_CONVERSION = YES_AGGRESSIVE;
				CLANG_CXX_LANGUAGE_STANDARD = "gnu++14";
				CLANG_CXX_LIBRARY = "libc++";
				CLANG_ENABLE_MODULES = YES;
				CLANG_ENABLE_OBJC_ARC = YES;
				CLANG_ENABLE_OBJC_WEAK = YES;
				CLANG_WARN_BLOCK_CAPTURE_AUTORELEASING = YES;
				CLANG_WARN_BOOL_CONVERSION = YES;
				CLANG_WARN_COMMA = YES;
				CLANG_WARN_CONSTANT_CONVERSION = YES;
				CLANG_WARN_DEPRECATED_OBJC_IMPLEMENTATIONS = YES;
				CLANG_WARN_DIRECT_OBJC_ISA_USAGE = YES_ERROR;
				CLANG_WARN_DOCUMENTATION_COMMENTS = YES;
				CLANG_WARN_EMPTY_BODY = YES;
				CLANG_WARN_ENUM_CONVERSION = YES;
				CLANG_WARN_INFINITE_RECURSION = YES;
				CLANG_WARN_INT_CONVERSION = YES;
				CLANG_WARN_NON_LITERAL_NULL_CONVERSION = YES;
				CLANG_WARN_OBJC_IMPLICIT_RETAIN_SELF = YES;
				CLANG_WARN_OBJC_LITERAL_CONVERSION = YES;
				CLANG_WARN_OBJC_ROOT_CLASS = YES_ERROR;
				CLANG_WARN_RANGE_LOOP_ANALYSIS = YES;
				CLANG_WARN_STRICT_PROTOTYPES = YES;
				CLANG_WARN_SUSPICIOUS_MOVE = YES;
				CLANG_WARN_UNGUARDED_AVAILABILITY = YES_AGGRESSIVE;
				CLANG_WARN_UNREACHABLE_CODE = YES;
				CLANG_WARN__DUPLICATE_METHOD_MATCH = YES;
				COPY_PHASE_STRIP = NO;
				DEBUG_INFORMATION_FORMAT = "dwarf-with-dsym";
				ENABLE_NS_ASSERTIONS = NO;
				ENABLE_STRICT_OBJC_MSGSEND = YES;
				GCC_C_LANGUAGE_STANDARD = gnu11;
				GCC_NO_COMMON_BLOCKS = YES;
				GCC_WARN_64_TO_32_BIT_CONVERSION = YES;
				GCC_WARN_ABOUT_RETURN_TYPE = YES_ERROR;
				GCC_WARN_UNDECLARED_SELECTOR = YES;
				GCC_WARN_UNINITIALIZED_AUTOS = YES_AGGRESSIVE;
				GCC_WARN_UNUSED_FUNCTION = YES;
				GCC_WARN_UNUSED_VARIABLE = YES;
				IPHONEOS_DEPLOYMENT_TARGET = 13.2;
				MTL_ENABLE_DEBUG_INFO = NO;
				MTL_FAST_MATH = YES;
				SDKROOT = iphoneos;
				SWIFT_COMPILATION_MODE = wholemodule;
				SWIFT_OPTIMIZATION_LEVEL = "-O";
				VALIDATE_PRODUCT = YES;
			};
			name = Release;
		};
		666CA79D2443EF390091B759 /* Debug */ = {
			isa = XCBuildConfiguration;
			buildSettings = {
				ASSETCATALOG_COMPILER_APPICON_NAME = AppIcon;
				CODE_SIGN_STYLE = Automatic;
				INFOPLIST_FILE = appMayusculas/Info.plist;
				LD_RUNPATH_SEARCH_PATHS = (
					"$(inherited)",
					"@executable_path/Frameworks",
				);
				PRODUCT_BUNDLE_IDENTIFIER = daniel.appMayusculas;
				PRODUCT_NAME = "$(TARGET_NAME)";
				SWIFT_VERSION = 5.0;
				TARGETED_DEVICE_FAMILY = "1,2";
			};
			name = Debug;
		};
		666CA79E2443EF390091B759 /* Release */ = {
			isa = XCBuildConfiguration;
			buildSettings = {
				ASSETCATALOG_COMPILER_APPICON_NAME = AppIcon;
				CODE_SIGN_STYLE = Automatic;
				INFOPLIST_FILE = appMayusculas/Info.plist;
				LD_RUNPATH_SEARCH_PATHS = (
					"$(inherited)",
					"@executable_path/Frameworks",
				);
				PRODUCT_BUNDLE_IDENTIFIER = daniel.appMayusculas;
				PRODUCT_NAME = "$(TARGET_NAME)";
				SWIFT_VERSION = 5.0;
				TARGETED_DEVICE_FAMILY = "1,2";
			};
			name = Release;
		};
/* End XCBuildConfiguration section */

/* Begin XCConfigurationList section */
		666CA7832443EF370091B759 /* Build configuration list for PBXProject "appMayusculas" */ = {
			isa = XCConfigurationList;
			buildConfigurations = (
				666CA79A2443EF390091B759 /* Debug */,
				666CA79B2443EF390091B759 /* Release */,
			);
			defaultConfigurationIsVisible = 0;
			defaultConfigurationName = Release;
		};
		666CA79C2443EF390091B759 /* Build configuration list for PBXNativeTarget "appMayusculas" */ = {
			isa = XCConfigurationList;
			buildConfigurations = (
				666CA79D2443EF390091B759 /* Debug */,
				666CA79E2443EF390091B759 /* Release */,
			);
			defaultConfigurationIsVisible = 0;
			defaultConfigurationName = Release;
		};
/* End XCConfigurationList section */
	};
	rootObject = 666CA7802443EF370091B759 /* Project object */;
}
